
Microsoft Visual Studio Solution File, Format Version 12.00
# Visual Studio Version 17
VisualStudioVersion = 17.1.32421.90
MinimumVisualStudioVersion = 10.0.40219.1
Project("{FAE04EC0-301F-11D3-BF4B-00C04F79EFBC}") = "test", "test.csproj", "{B13D4CF1-40A3-4582-A513-B0D631891270}"
EndProject
Global
	GlobalSection(SolutionConfigurationPlatforms) = preSolution
		Debug|Any CPU = Debug|Any CPU
		Release|Any CPU = Release|Any CPU
	EndGlobalSection
	GlobalSection(ProjectConfigurationPlatforms) = postSolution
		{B13D4CF1-40A3-4582-A513-B0D631891270}.Debug|Any CPU.ActiveCfg = Debug|Any CPU
		{B13D4CF1-40A3-4582-A513-B0D631891270}.Debug|Any CPU.Build.0 = Debug|Any CPU
		{B13D4CF1-40A3-4582-A513-B0D631891270}.Release|Any CPU.ActiveCfg = Release|Any CPU
		{B13D4CF1-40A3-4582-A513-B0D631891270}.Release|Any CPU.Build.0 = Release|Any CPU
	EndGlobalSection
	GlobalSection(SolutionProperties) = preSolution
		HideSolutionNode = FALSE
	EndGlobalSection
	GlobalSection(ExtensibilityGlobals) = postSolution
		SolutionGuid = {134DDE5A-6E36-4E01-849D-1B6B9D16BB6D}
	EndGlobalSection
EndGlobal
